# THIS IS AN AUTOGENERATED FILE. DO NOT EDIT THIS FILE DIRECTLY.
# yarn lockfile v1


eslint-config-prettier@^8.3.0:
  version "8.3.0"
  resolved "https://registry.yarnpkg.com/eslint-config-prettier/-/eslint-config-prettier-8.3.0.tgz#f7471b20b6fe8a9a9254cc684454202886a2dd7a"
  integrity sha512-BgZuLUSeKzvlL/VUjx/Yb787VQ26RU3gGjA3iiFvdsp/2bMfVIWUVP7tjxtjS0e+HP409cPlPvNkQloz8C91ew==

eslint-config-standard@^16.0.3:
  version "16.0.3"
  resolved "https://registry.yarnpkg.com/eslint-config-standard/-/eslint-config-standard-16.0.3.tgz#6c8761e544e96c531ff92642eeb87842b8488516"
  integrity sha512-x4fmJL5hGqNJKGHSjnLdgA6U6h1YW/G2dW9fA+cyVur4SK6lyue8+UgNKWlZtUDTXvgKDD/Oa3GQjmB5kjtVvg==
